Microsoft Visual Studio Solution File, Format Version 12.00
# Visual Studio Version 17
VisualStudioVersion = 17.5.2.0
MinimumVisualStudioVersion = 10.0.40219.1
Project("{FAE04EC0-301F-11D3-BF4B-00C04F79EFBC}") = "ChessScrambler.Client", "ChessScrambler.Client.csproj", "{C6657435-3960-C6DE-50CA-C57E1EA16D51}"
EndProject
Global
	GlobalSection(SolutionConfigurationPlatforms) = preSolution
		Debug|Any CPU = Debug|Any CPU
		Release|Any CPU = Release|Any CPU
	EndGlobalSection
	GlobalSection(ProjectConfigurationPlatforms) = postSolution
		{C6657435-3960-C6DE-50CA-C57E1EA16D51}.Debug|Any CPU.ActiveCfg = Debug|Any CPU
		{C6657435-3960-C6DE-50CA-C57E1EA16D51}.Debug|Any CPU.Build.0 = Debug|Any CPU
		{C6657435-3960-C6DE-50CA-C57E1EA16D51}.Release|Any CPU.ActiveCfg = Release|Any CPU
		{C6657435-3960-C6DE-50CA-C57E1EA16D51}.Release|Any CPU.Build.0 = Release|Any CPU
	EndGlobalSection
	GlobalSection(SolutionProperties) = preSolution
		HideSolutionNode = FALSE
	EndGlobalSection
	GlobalSection(ExtensibilityGlobals) = postSolution
		SolutionGuid = {CD266E83-742C-488B-A226-4237C85FDEB7}
	EndGlobalSection
EndGlobal
